
Microsoft Visual Studio Solution File, Format Version 12.00
# Visual Studio 15
Project("{FAE04EC0-301F-11D3-BF4B-00C04F79EFBC}") = "FactomSharp", "FactomSharp.csproj", "{96F73F66-654C-4413-86E4-1D0EAA0A80C8}"
EndProject
Project("{2150E333-8FDC-42A3-9474-1A3956D46DE8}") = "Solution Items", "Solution Items", "{AB2B88BF-0737-4586-9295-171CE4875FDB}"
	ProjectSection(SolutionItems) = preProject
		.gitignore = .gitignore
		LICENSE = LICENSE
		README.md = README.md
	EndProjectSection
EndProject
Global
	GlobalSection(SolutionConfigurationPlatforms) = preSolution
		Debug|x86 = Debug|x86
		Release|x86 = Release|x86
	EndGlobalSection
	GlobalSection(ProjectConfigurationPlatforms) = postSolution
		{96F73F66-654C-4413-86E4-1D0EAA0A80C8}.Debug|x86.ActiveCfg = Debug|x86
		{96F73F66-654C-4413-86E4-1D0EAA0A80C8}.Debug|x86.Build.0 = Debug|x86
		{96F73F66-654C-4413-86E4-1D0EAA0A80C8}.Release|x86.ActiveCfg = Release|x86
		{96F73F66-654C-4413-86E4-1D0EAA0A80C8}.Release|x86.Build.0 = Release|x86
	EndGlobalSection
EndGlobal
